PODS:
  - SwiftyGif (5.3.0)
  - XYZPathKit (3.0.1):
    - XYZTimeKit
  - XYZTimeKit (3.0.1)

DEPENDENCIES:
  - SwiftyGif
  - XYZPathKit
  - XYZTimeKit

SPEC REPOS:
  trunk:
    - SwiftyGif
    - XYZPathKit
    - XYZTimeKit

SPEC CHECKSUMS:
  SwiftyGif: e466e86c660d343357ab944a819a101c4127cb40
  XYZPathKit: 156c2652202f98e47f41a8767b62be8e614ea80c
  XYZTimeKit: 83a8914a1ee29119ba8afc1615edae979594db1c

PODFILE CHECKSUM: bfe589e4ab27e6fe65d41725e0e08f6a341c07b2

COCOAPODS: 1.10.1
