PODS:
  - FileKit (5.2.0)
  - SHPathManager (0.2.7):
    - FileKit
    - SHTManager
    - SwiftDate
  - SHTManager (0.3.1):
    - SwiftDate
  - SwiftDate (5.0.13)
  - SwiftyGif (4.2.0)

DEPENDENCIES:
  - FileKit
  - SHPathManager
  - SHTManager
  - SwiftDate
  - SwiftyGif

SPEC REPOS:
  https://github.com/cocoapods/specs.git:
    - FileKit
    - SHPathManager
    - SHTManager
    - SwiftDate
    - SwiftyGif

SPEC CHECKSUMS:
  FileKit: 10bfd8a3023a0b09f24c9f49546cbbddf43fd464
  SHPathManager: 81caadeb5244be33c3c34efaa24bea9ade1b8765
  SHTManager: 7a9ce80fbf903acb0ca692b878a600ed0d48c678
  SwiftDate: f4aea5fa9dee812485f34041121a4cbde01b0dee
  SwiftyGif: a149bf84df23370592f3f075561ae02c8632a314

PODFILE CHECKSUM: e756eeafce10a9d164f21c63a8708199fb4bac67

COCOAPODS: 1.6.0.beta.2
